
Microsoft Visual Studio Solution File, Format Version 12.00
# Visual Studio Version 17
VisualStudioVersion = 17.11.35208.52
MinimumVisualStudioVersion = 10.0.40219.1
Project("{FAE04EC0-301F-11D3-BF4B-00C04F79EFBC}") = "ConexionABaseDatosYUsoDataGreedView", "ConexionABaseDatosYUsoDataGreedView\ConexionABaseDatosYUsoDataGreedView.csproj", "{BAE6BF92-CA27-4FB0-8765-A4CEB7A8EEB1}"
EndProject
Global
	GlobalSection(SolutionConfigurationPlatforms) = preSolution
		Debug|Any CPU = Debug|Any CPU
		Release|Any CPU = Release|Any CPU
	EndGlobalSection
	GlobalSection(ProjectConfigurationPlatforms) = postSolution
		{BAE6BF92-CA27-4FB0-8765-A4CEB7A8EEB1}.Debug|Any CPU.ActiveCfg = Debug|Any CPU
		{BAE6BF92-CA27-4FB0-8765-A4CEB7A8EEB1}.Debug|Any CPU.Build.0 = Debug|Any CPU
		{BAE6BF92-CA27-4FB0-8765-A4CEB7A8EEB1}.Release|Any CPU.ActiveCfg = Release|Any CPU
		{BAE6BF92-CA27-4FB0-8765-A4CEB7A8EEB1}.Release|Any CPU.Build.0 = Release|Any CPU
	EndGlobalSection
	GlobalSection(SolutionProperties) = preSolution
		HideSolutionNode = FALSE
	EndGlobalSection
	GlobalSection(ExtensibilityGlobals) = postSolution
		SolutionGuid = {7E13CB0E-8A36-419E-9144-4CAECAA36C0A}
	EndGlobalSection
EndGlobal
